
Microsoft Visual Studio Solution File, Format Version 12.00
# Visual Studio Version 17
VisualStudioVersion = 17.5.33530.505
MinimumVisualStudioVersion = 10.0.40219.1
Project("{FAE04EC0-301F-11D3-BF4B-00C04F79EFBC}") = "WebApplication1", "WebApplication1\WebApplication1.csproj", "{EEF68D6D-C299-478F-B77A-618590250FB6}"
EndProject
Global
	GlobalSection(SolutionConfigurationPlatforms) = preSolution
		Debug|Any CPU = Debug|Any CPU
		Release|Any CPU = Release|Any CPU
	EndGlobalSection
	GlobalSection(ProjectConfigurationPlatforms) = postSolution
		{EEF68D6D-C299-478F-B77A-618590250FB6}.Debug|Any CPU.ActiveCfg = Debug|Any CPU
		{EEF68D6D-C299-478F-B77A-618590250FB6}.Debug|Any CPU.Build.0 = Debug|Any CPU
		{EEF68D6D-C299-478F-B77A-618590250FB6}.Release|Any CPU.ActiveCfg = Release|Any CPU
		{EEF68D6D-C299-478F-B77A-618590250FB6}.Release|Any CPU.Build.0 = Release|Any CPU
	EndGlobalSection
	GlobalSection(SolutionProperties) = preSolution
		HideSolutionNode = FALSE
	EndGlobalSection
	GlobalSection(ExtensibilityGlobals) = postSolution
		SolutionGuid = {F958B9A0-6682-474A-A0CE-5C07EDF9F4FB}
	EndGlobalSection
EndGlobal
